
Microsoft Visual Studio Solution File, Format Version 12.00
# Visual Studio Version 16
VisualStudioVersion = 16.0.33214.272
MinimumVisualStudioVersion = 10.0.40219.1
Project("{8BC9CEB8-8B4A-11D0-8D11-00A0C91BC942}") = "test_2_17", "test_2_17\test_2_17.vcxproj", "{81709AEB-A87D-457D-92EE-194FB3FD2236}"
EndProject
Global
	GlobalSection(SolutionConfigurationPlatforms) = preSolution
		Debug|x64 = Debug|x64
		Debug|x86 = Debug|x86
		Release|x64 = Release|x64
		Release|x86 = Release|x86
	EndGlobalSection
	GlobalSection(ProjectConfigurationPlatforms) = postSolution
		{81709AEB-A87D-457D-92EE-194FB3FD2236}.Debug|x64.ActiveCfg = Debug|x64
		{81709AEB-A87D-457D-92EE-194FB3FD2236}.Debug|x64.Build.0 = Debug|x64
		{81709AEB-A87D-457D-92EE-194FB3FD2236}.Debug|x86.ActiveCfg = Debug|Win32
		{81709AEB-A87D-457D-92EE-194FB3FD2236}.Debug|x86.Build.0 = Debug|Win32
		{81709AEB-A87D-457D-92EE-194FB3FD2236}.Release|x64.ActiveCfg = Release|x64
		{81709AEB-A87D-457D-92EE-194FB3FD2236}.Release|x64.Build.0 = Release|x64
		{81709AEB-A87D-457D-92EE-194FB3FD2236}.Release|x86.ActiveCfg = Release|Win32
		{81709AEB-A87D-457D-92EE-194FB3FD2236}.Release|x86.Build.0 = Release|Win32
	EndGlobalSection
	GlobalSection(SolutionProperties) = preSolution
		HideSolutionNode = FALSE
	EndGlobalSection
	GlobalSection(ExtensibilityGlobals) = postSolution
		SolutionGuid = {1AB96674-FC50-4BB3-85E0-6E2426258D0D}
	EndGlobalSection
EndGlobal
